// !$*UTF8*$!
{
	archiveVersion = 1;
	classes = {
	};
	objectVersion = 50;
	objects = {

/* Begin PBXBuildFile section */
		3E375EC5246442C200C65C51 /* Charts.framework in Frameworks */ = {isa = PBXBuildFile; fileRef = 3E375EBB24643F3400C65C51 /* Charts.framework */; };
		3E375EC6246442C200C65C51 /* Charts.framework in Embed Frameworks */ = {isa = PBXBuildFile; fileRef = 3E375EBB24643F3400C65C51 /* Charts.framework */; settings = {ATTRIBUTES = (CodeSignOnCopy, RemoveHeadersOnCopy, ); }; };
		3E7C510B2453773B00DEB311 /* AppDelegate.swift in Sources */ = {isa = PBXBuildFile; fileRef = 3E7C510A2453773B00DEB311 /* AppDelegate.swift */; };
		3E7C510D2453773B00DEB311 /* SceneDelegate.swift in Sources */ = {isa = PBXBuildFile; fileRef = 3E7C510C2453773B00DEB311 /* SceneDelegate.swift */; };
		3E7C51172453773E00DEB311 /* Assets.xcassets in Resources */ = {isa = PBXBuildFile; fileRef = 3E7C51162453773E00DEB311 /* Assets.xcassets */; };
		3E7C511A2453773E00DEB311 /* LaunchScreen.storyboard in Resources */ = {isa = PBXBuildFile; fileRef = 3E7C51182453773E00DEB311 /* LaunchScreen.storyboard */; };
		3E7C51252453773F00DEB311 /* progettoBDTests.swift in Sources */ = {isa = PBXBuildFile; fileRef = 3E7C51242453773F00DEB311 /* progettoBDTests.swift */; };
		3E7C51302453773F00DEB311 /* progettoBDUITests.swift in Sources */ = {isa = PBXBuildFile; fileRef = 3E7C512F2453773F00DEB311 /* progettoBDUITests.swift */; };
		CF40AC5B245B10EF0073A158 /* DBController.swift in Sources */ = {isa = PBXBuildFile; fileRef = CF40AC5A245B10EF0073A158 /* DBController.swift */; };
		CF96C2CC24616B05004491C0 /* DatiAppenaAggiuntiViewController.swift in Sources */ = {isa = PBXBuildFile; fileRef = CF96C2CA24616B05004491C0 /* DatiAppenaAggiuntiViewController.swift */; };
		CF96C2CD24616B05004491C0 /* HomeViewController.swift in Sources */ = {isa = PBXBuildFile; fileRef = CF96C2C924616B05004491C0 /* HomeViewController.swift */; };
		CF96C2CE24616B05004491C0 /* InfoRegioniProvinceViewController.swift in Sources */ = {isa = PBXBuildFile; fileRef = CF96C2CB24616B05004491C0 /* InfoRegioniProvinceViewController.swift */; };
		CF96C2CF24616B05004491C0 /* AggiungiDatiViewController.swift in Sources */ = {isa = PBXBuildFile; fileRef = CF96C2C824616B04004491C0 /* AggiungiDatiViewController.swift */; };
		CF96C2DB24616C4B004491C0 /* Main.storyboard in Resources */ = {isa = PBXBuildFile; fileRef = CF96C2C4246169C5004491C0 /* Main.storyboard */; };
		CFBFADB7246588680020526F /* GraficiViewController.swift in Sources */ = {isa = PBXBuildFile; fileRef = CFBFADB6246588680020526F /* GraficiViewController.swift */; };
		CFBFADC22465AAAD0020526F /* ShowDatiProvinciaViewController.swift in Sources */ = {isa = PBXBuildFile; fileRef = CFBFADC12465AAAD0020526F /* ShowDatiProvinciaViewController.swift */; };
		CFC4D94E2461ADDE0067494A /* data.sqlite in Resources */ = {isa = PBXBuildFile; fileRef = CFC4D94D2461AC670067494A /* data.sqlite */; };
		CFC4D9502462C2AD0067494A /* RegioniPiúColpiteTableViewCell.swift in Sources */ = {isa = PBXBuildFile; fileRef = CFC4D94F2462C2AD0067494A /* RegioniPiúColpiteTableViewCell.swift */; };
		CFC4D955246411360067494A /* DettagliRegioneProviciaViewController.swift in Sources */ = {isa = PBXBuildFile; fileRef = CFC4D954246411360067494A /* DettagliRegioneProviciaViewController.swift */; };
		CFDF7F1D245EB0C300E34546 /* SQLite.framework in Frameworks */ = {isa = PBXBuildFile; fileRef = CFDF7F10245EB0B500E34546 /* SQLite.framework */; };
		CFDF7F1E245EB0C300E34546 /* SQLite.framework in Embed Frameworks */ = {isa = PBXBuildFile; fileRef = CFDF7F10245EB0B500E34546 /* SQLite.framework */; settings = {ATTRIBUTES = (CodeSignOnCopy, RemoveHeadersOnCopy, ); }; };
		CFDF7F22245EB7F900E34546 /* ColorID.swift in Sources */ = {isa = PBXBuildFile; fileRef = CFDF7F21245EB7F900E34546 /* ColorID.swift */; };
		CFDF7F2E245EB8BA00E34546 /* StructAndExtension.swift in Sources */ = {isa = PBXBuildFile; fileRef = CFDF7F2D245EB8BA00E34546 /* StructAndExtension.swift */; };
/* End PBXBuildFile section */

/* Begin PBXContainerItemProxy section */
		3E375EBA24643F3400C65C51 /* PBXContainerItemProxy */ = {
			isa = PBXContainerItemProxy;
			containerPortal = CFC4D96E246428B20067494A /* Charts.xcodeproj */;
			proxyType = 2;
			remoteGlobalIDString = 65AD9E95D9ED4DC0BD73A743;
			remoteInfo = Charts;
		};
		3E375EBC24643F3400C65C51 /* PBXContainerItemProxy */ = {
			isa = PBXContainerItemProxy;
			containerPortal = CFC4D96E246428B20067494A /* Charts.xcodeproj */;
			proxyType = 2;
			remoteGlobalIDString = 1CBBC58C6CE1EBEE9852CE41;
			remoteInfo = ChartsTests;
		};
		3E7C51212453773F00DEB311 /* PBXContainerItemProxy */ = {
			isa = PBXContainerItemProxy;
			containerPortal = 3E7C50FF2453773B00DEB311 /* Project object */;
			proxyType = 1;
			remoteGlobalIDString = 3E7C51062453773B00DEB311;
			remoteInfo = progettoBD;
		};
		3E7C512C2453773F00DEB311 /* PBXContainerItemProxy */ = {
			isa = PBXContainerItemProxy;
			containerPortal = 3E7C50FF2453773B00DEB311 /* Project object */;
			proxyType = 1;
			remoteGlobalIDString = 3E7C51062453773B00DEB311;
			remoteInfo = progettoBD;
		};
		CFDF7F0F245EB0B500E34546 /* PBXContainerItemProxy */ = {
			isa = PBXContainerItemProxy;
			containerPortal = CFDF7F05245EB0B500E34546 /* SQLite.xcodeproj */;
			proxyType = 2;
			remoteGlobalIDString = EE247AD31C3F04ED00AE3E12;
			remoteInfo = "SQLite iOS";
		};
		CFDF7F11245EB0B500E34546 /* PBXContainerItemProxy */ = {
			isa = PBXContainerItemProxy;
			containerPortal = CFDF7F05245EB0B500E34546 /* SQLite.xcodeproj */;
			proxyType = 2;
			remoteGlobalIDString = EE247ADD1C3F04ED00AE3E12;
			remoteInfo = "SQLiteTests iOS";
		};
		CFDF7F13245EB0B500E34546 /* PBXContainerItemProxy */ = {
			isa = PBXContainerItemProxy;
			containerPortal = CFDF7F05245EB0B500E34546 /* SQLite.xcodeproj */;
			proxyType = 2;
			remoteGlobalIDString = EE247B3C1C3F3ED000AE3E12;
			remoteInfo = "SQLite Mac";
		};
		CFDF7F15245EB0B500E34546 /* PBXContainerItemProxy */ = {
			isa = PBXContainerItemProxy;
			containerPortal = CFDF7F05245EB0B500E34546 /* SQLite.xcodeproj */;
			proxyType = 2;
			remoteGlobalIDString = EE247B451C3F3ED000AE3E12;
			remoteInfo = "SQLiteTests Mac";
		};
		CFDF7F17245EB0B500E34546 /* PBXContainerItemProxy */ = {
			isa = PBXContainerItemProxy;
			containerPortal = CFDF7F05245EB0B500E34546 /* SQLite.xcodeproj */;
			proxyType = 2;
			remoteGlobalIDString = 03A65E5A1C6BB0F50062603F;
			remoteInfo = "SQLite tvOS";
		};
		CFDF7F19245EB0B500E34546 /* PBXContainerItemProxy */ = {
			isa = PBXContainerItemProxy;
			containerPortal = CFDF7F05245EB0B500E34546 /* SQLite.xcodeproj */;
			proxyType = 2;
			remoteGlobalIDString = 03A65E631C6BB0F60062603F;
			remoteInfo = "SQLiteTests tvOS";
		};
		CFDF7F1B245EB0B500E34546 /* PBXContainerItemProxy */ = {
			isa = PBXContainerItemProxy;
			containerPortal = CFDF7F05245EB0B500E34546 /* SQLite.xcodeproj */;
			proxyType = 2;
			remoteGlobalIDString = A121AC451CA35C79005A31D1;
			remoteInfo = "SQLite watchOS";
		};
/* End PBXContainerItemProxy section */

/* Begin PBXCopyFilesBuildPhase section */
		CFB92105245B1B6000657709 /* Embed Frameworks */ = {
			isa = PBXCopyFilesBuildPhase;
			buildActionMask = 2147483647;
			dstPath = "";
			dstSubfolderSpec = 10;
			files = (
				CFDF7F1E245EB0C300E34546 /* SQLite.framework in Embed Frameworks */,
				3E375EC6246442C200C65C51 /* Charts.framework in Embed Frameworks */,
			);
			name = "Embed Frameworks";
			runOnlyForDeploymentPostprocessing = 0;
		};
/* End PBXCopyFilesBuildPhase section */

/* Begin PBXFileReference section */
		3E7C51072453773B00DEB311 /* progettoBD.app */ = {isa = PBXFileReference; explicitFileType = wrapper.application; includeInIndex = 0; path = progettoBD.app; sourceTree = BUILT_PRODUCTS_DIR; };
		3E7C510A2453773B00DEB311 /* AppDelegate.swift */ = {isa = PBXFileReference; lastKnownFileType = sourcecode.swift; path = AppDelegate.swift; sourceTree = "<group>"; };
		3E7C510C2453773B00DEB311 /* SceneDelegate.swift */ = {isa = PBXFileReference; lastKnownFileType = sourcecode.swift; path = SceneDelegate.swift; sourceTree = "<group>"; };
		3E7C51162453773E00DEB311 /* Assets.xcassets */ = {isa = PBXFileReference; lastKnownFileType = folder.assetcatalog; path = Assets.xcassets; sourceTree = "<group>"; };
		3E7C51192453773E00DEB311 /* Base */ = {isa = PBXFileReference; lastKnownFileType = file.storyboard; name = Base; path = Base.lproj/LaunchScreen.storyboard; sourceTree = "<group>"; };
		3E7C511B2453773E00DEB311 /* Info.plist */ = {isa = PBXFileReference; lastKnownFileType = text.plist.xml; path = Info.plist; sourceTree = "<group>"; };
		3E7C51202453773F00DEB311 /* progettoBDTests.xctest */ = {isa = PBXFileReference; explicitFileType = wrapper.cfbundle; includeInIndex = 0; path = progettoBDTests.xctest; sourceTree = BUILT_PRODUCTS_DIR; };
		3E7C51242453773F00DEB311 /* progettoBDTests.swift */ = {isa = PBXFileReference; lastKnownFileType = sourcecode.swift; path = progettoBDTests.swift; sourceTree = "<group>"; };
		3E7C51262453773F00DEB311 /* Info.plist */ = {isa = PBXFileReference; lastKnownFileType = text.plist.xml; path = Info.plist; sourceTree = "<group>"; };
		3E7C512B2453773F00DEB311 /* progettoBDUITests.xctest */ = {isa = PBXFileReference; explicitFileType = wrapper.cfbundle; includeInIndex = 0; path = progettoBDUITests.xctest; sourceTree = BUILT_PRODUCTS_DIR; };
		3E7C512F2453773F00DEB311 /* progettoBDUITests.swift */ = {isa = PBXFileReference; lastKnownFileType = sourcecode.swift; path = progettoBDUITests.swift; sourceTree = "<group>"; };
		3E7C51312453773F00DEB311 /* Info.plist */ = {isa = PBXFileReference; lastKnownFileType = text.plist.xml; path = Info.plist; sourceTree = "<group>"; };
		CF40AC5A245B10EF0073A158 /* DBController.swift */ = {isa = PBXFileReference; fileEncoding = 4; lastKnownFileType = sourcecode.swift; path = DBController.swift; sourceTree = "<group>"; };
		CF96C2C4246169C5004491C0 /* Main.storyboard */ = {isa = PBXFileReference; fileEncoding = 4; lastKnownFileType = file.storyboard; path = Main.storyboard; sourceTree = "<group>"; };
		CF96C2C824616B04004491C0 /* AggiungiDatiViewController.swift */ = {isa = PBXFileReference; lastKnownFileType = sourcecode.swift; path = AggiungiDatiViewController.swift; sourceTree = "<group>"; };
		CF96C2C924616B05004491C0 /* HomeViewController.swift */ = {isa = PBXFileReference; lastKnownFileType = sourcecode.swift; path = HomeViewController.swift; sourceTree = "<group>"; };
		CF96C2CA24616B05004491C0 /* DatiAppenaAggiuntiViewController.swift */ = {isa = PBXFileReference; lastKnownFileType = sourcecode.swift; path = DatiAppenaAggiuntiViewController.swift; sourceTree = "<group>"; };
		CF96C2CB24616B05004491C0 /* InfoRegioniProvinceViewController.swift */ = {isa = PBXFileReference; lastKnownFileType = sourcecode.swift; path = InfoRegioniProvinceViewController.swift; sourceTree = "<group>"; };
		CFBFADB6246588680020526F /* GraficiViewController.swift */ = {isa = PBXFileReference; lastKnownFileType = sourcecode.swift; path = GraficiViewController.swift; sourceTree = "<group>"; };
		CFBFADC12465AAAD0020526F /* ShowDatiProvinciaViewController.swift */ = {isa = PBXFileReference; lastKnownFileType = sourcecode.swift; path = ShowDatiProvinciaViewController.swift; sourceTree = "<group>"; };
		CFC4D94D2461AC670067494A /* data.sqlite */ = {isa = PBXFileReference; lastKnownFileType = file; path = data.sqlite; sourceTree = "<group>"; };
		CFC4D94F2462C2AD0067494A /* RegioniPiúColpiteTableViewCell.swift */ = {isa = PBXFileReference; lastKnownFileType = sourcecode.swift; path = "RegioniPiúColpiteTableViewCell.swift"; sourceTree = "<group>"; };
		CFC4D954246411360067494A /* DettagliRegioneProviciaViewController.swift */ = {isa = PBXFileReference; lastKnownFileType = sourcecode.swift; path = DettagliRegioneProviciaViewController.swift; sourceTree = "<group>"; };
		CFC4D96E246428B20067494A /* Charts.xcodeproj */ = {isa = PBXFileReference; lastKnownFileType = "wrapper.pb-project"; name = Charts.xcodeproj; path = "Charts-master 3/Charts.xcodeproj"; sourceTree = "<group>"; };
		CFDF7F05245EB0B500E34546 /* SQLite.xcodeproj */ = {isa = PBXFileReference; lastKnownFileType = "wrapper.pb-project"; name = SQLite.xcodeproj; path = SQLite.swift/SQLite.xcodeproj; sourceTree = "<group>"; };
		CFDF7F21245EB7F900E34546 /* ColorID.swift */ = {isa = PBXFileReference; lastKnownFileType = sourcecode.swift; path = ColorID.swift; sourceTree = "<group>"; };
		CFDF7F2D245EB8BA00E34546 /* StructAndExtension.swift */ = {isa = PBXFileReference; lastKnownFileType = sourcecode.swift; path = StructAndExtension.swift; sourceTree = "<group>"; };
/* End PBXFileReference section */

/* Begin PBXFrameworksBuildPhase section */
		3E7C51042453773B00DEB311 /* Frameworks */ = {
			isa = PBXFrameworksBuildPhase;
			buildActionMask = 2147483647;
			files = (
				CFDF7F1D245EB0C300E34546 /* SQLite.framework in Frameworks */,
				3E375EC5246442C200C65C51 /* Charts.framework in Frameworks */,
			);
			runOnlyForDeploymentPostprocessing = 0;
		};
		3E7C511D2453773F00DEB311 /* Frameworks */ = {
			isa = PBXFrameworksBuildPhase;
			buildActionMask = 2147483647;
			files = (
			);
			runOnlyForDeploymentPostprocessing = 0;
		};
		3E7C51282453773F00DEB311 /* Frameworks */ = {
			isa = PBXFrameworksBuildPhase;
			buildActionMask = 2147483647;
			files = (
			);
			runOnlyForDeploymentPostprocessing = 0;
		};
/* End PBXFrameworksBuildPhase section */

/* Begin PBXGroup section */
		3E375EB624643F3400C65C51 /* Products */ = {
			isa = PBXGroup;
			children = (
				3E375EBB24643F3400C65C51 /* Charts.framework */,
				3E375EBD24643F3400C65C51 /* ChartsTests.xctest */,
			);
			name = Products;
			sourceTree = "<group>";
		};
		3E7C50FE2453773B00DEB311 = {
			isa = PBXGroup;
			children = (
				CFC4D96E246428B20067494A /* Charts.xcodeproj */,
				CFDF7F05245EB0B500E34546 /* SQLite.xcodeproj */,
				3E7C51092453773B00DEB311 /* progettoBD */,
				3E7C51232453773F00DEB311 /* progettoBDTests */,
				3E7C512E2453773F00DEB311 /* progettoBDUITests */,
				3E7C51082453773B00DEB311 /* Products */,
				CF40ACEF245B11D70073A158 /* Frameworks */,
			);
			sourceTree = "<group>";
		};
		3E7C51082453773B00DEB311 /* Products */ = {
			isa = PBXGroup;
			children = (
				3E7C51072453773B00DEB311 /* progettoBD.app */,
				3E7C51202453773F00DEB311 /* progettoBDTests.xctest */,
				3E7C512B2453773F00DEB311 /* progettoBDUITests.xctest */,
			);
			name = Products;
			sourceTree = "<group>";
		};
		3E7C51092453773B00DEB311 /* progettoBD */ = {
			isa = PBXGroup;
			children = (
				3E7C510A2453773B00DEB311 /* AppDelegate.swift */,
				3E7C510C2453773B00DEB311 /* SceneDelegate.swift */,
				CFDF7F21245EB7F900E34546 /* ColorID.swift */,
				CFDF7F2D245EB8BA00E34546 /* StructAndExtension.swift */,
				CF96C2C4246169C5004491C0 /* Main.storyboard */,
				CFBFADB6246588680020526F /* GraficiViewController.swift */,
				CF96C2C924616B05004491C0 /* HomeViewController.swift */,
				CF96C2CB24616B05004491C0 /* InfoRegioniProvinceViewController.swift */,
				CFC4D954246411360067494A /* DettagliRegioneProviciaViewController.swift */,
				CFBFADC12465AAAD0020526F /* ShowDatiProvinciaViewController.swift */,
				CFC4D94F2462C2AD0067494A /* RegioniPiúColpiteTableViewCell.swift */,
				CF96C2C824616B04004491C0 /* AggiungiDatiViewController.swift */,
				CF96C2CA24616B05004491C0 /* DatiAppenaAggiuntiViewController.swift */,
				3E7C51162453773E00DEB311 /* Assets.xcassets */,
				3E7C51182453773E00DEB311 /* LaunchScreen.storyboard */,
				3E7C511B2453773E00DEB311 /* Info.plist */,
				CF40AC5A245B10EF0073A158 /* DBController.swift */,
				CFC4D94D2461AC670067494A /* data.sqlite */,
			);
			path = progettoBD;
			sourceTree = "<group>";
		};
		3E7C51232453773F00DEB311 /* progettoBDTests */ = {
			isa = PBXGroup;
			children = (
				3E7C51242453773F00DEB311 /* progettoBDTests.swift */,
				3E7C51262453773F00DEB311 /* Info.plist */,
			);
			path = progettoBDTests;
			sourceTree = "<group>";
		};
		3E7C512E2453773F00DEB311 /* progettoBDUITests */ = {
			isa = PBXGroup;
			children = (
				3E7C512F2453773F00DEB311 /* progettoBDUITests.swift */,
				3E7C51312453773F00DEB311 /* Info.plist */,
			);
			path = progettoBDUITests;
			sourceTree = "<group>";
		};
		CF40ACEF245B11D70073A158 /* Frameworks */ = {
			isa = PBXGroup;
			children = (
			);
			name = Frameworks;
			sourceTree = "<group>";
		};
		CFDF7F06245EB0B500E34546 /* Products */ = {
			isa = PBXGroup;
			children = (
				CFDF7F10245EB0B500E34546 /* SQLite.framework */,
				CFDF7F12245EB0B500E34546 /* SQLiteTests iOS.xctest */,
				CFDF7F14245EB0B500E34546 /* SQLite.framework */,
				CFDF7F16245EB0B500E34546 /* SQLiteTests Mac.xctest */,
				CFDF7F18245EB0B500E34546 /* SQLite.framework */,
				CFDF7F1A245EB0B500E34546 /* SQLiteTests tvOS.xctest */,
				CFDF7F1C245EB0B500E34546 /* SQLite.framework */,
			);
			name = Products;
			sourceTree = "<group>";
		};
/* End PBXGroup section */

/* Begin PBXNativeTarget section */
		3E7C51062453773B00DEB311 /* progettoBD */ = {
			isa = PBXNativeTarget;
			buildConfigurationList = 3E7C51342453773F00DEB311 /* Build configuration list for PBXNativeTarget "progettoBD" */;
			buildPhases = (
				3E7C51032453773B00DEB311 /* Sources */,
				3E7C51042453773B00DEB311 /* Frameworks */,
				3E7C51052453773B00DEB311 /* Resources */,
				CFB92105245B1B6000657709 /* Embed Frameworks */,
			);
			buildRules = (
			);
			dependencies = (
			);
			name = progettoBD;
			productName = progettoBD;
			productReference = 3E7C51072453773B00DEB311 /* progettoBD.app */;
			productType = "com.apple.product-type.application";
		};
		3E7C511F2453773F00DEB311 /* progettoBDTests */ = {
			isa = PBXNativeTarget;
			buildConfigurationList = 3E7C51372453773F00DEB311 /* Build configuration list for PBXNativeTarget "progettoBDTests" */;
			buildPhases = (
				3E7C511C2453773F00DEB311 /* Sources */,
				3E7C511D2453773F00DEB311 /* Frameworks */,
				3E7C511E2453773F00DEB311 /* Resources */,
			);
			buildRules = (
			);
			dependencies = (
				3E7C51222453773F00DEB311 /* PBXTargetDependency */,
			);
			name = progettoBDTests;
			productName = progettoBDTests;
			productReference = 3E7C51202453773F00DEB311 /* progettoBDTests.xctest */;
			productType = "com.apple.product-type.bundle.unit-test";
		};
		3E7C512A2453773F00DEB311 /* progettoBDUITests */ = {
			isa = PBXNativeTarget;
			buildConfigurationList = 3E7C513A2453773F00DEB311 /* Build configuration list for PBXNativeTarget "progettoBDUITests" */;
			buildPhases = (
				3E7C51272453773F00DEB311 /* Sources */,
				3E7C51282453773F00DEB311 /* Frameworks */,
				3E7C51292453773F00DEB311 /* Resources */,
			);
			buildRules = (
			);
			dependencies = (
				3E7C512D2453773F00DEB311 /* PBXTargetDependency */,
			);
			name = progettoBDUITests;
			productName = progettoBDUITests;
			productReference = 3E7C512B2453773F00DEB311 /* progettoBDUITests.xctest */;
			productType = "com.apple.product-type.bundle.ui-testing";
		};
/* End PBXNativeTarget section */

/* Begin PBXProject section */
		3E7C50FF2453773B00DEB311 /* Project object */ = {
			isa = PBXProject;
			attributes = {
				LastSwiftUpdateCheck = 1130;
				LastUpgradeCheck = 1130;
				ORGANIZATIONNAME = "Pacifico Catapano";
				TargetAttributes = {
					3E7C51062453773B00DEB311 = {
						CreatedOnToolsVersion = 11.3;
					};
					3E7C511F2453773F00DEB311 = {
						CreatedOnToolsVersion = 11.3;
						TestTargetID = 3E7C51062453773B00DEB311;
					};
					3E7C512A2453773F00DEB311 = {
						CreatedOnToolsVersion = 11.3;
						TestTargetID = 3E7C51062453773B00DEB311;
					};
				};
			};
			buildConfigurationList = 3E7C51022453773B00DEB311 /* Build configuration list for PBXProject "progettoBD" */;
			compatibilityVersion = "Xcode 9.3";
			developmentRegion = en;
			hasScannedForEncodings = 0;
			knownRegions = (
				en,
				Base,
			);
			mainGroup = 3E7C50FE2453773B00DEB311;
			productRefGroup = 3E7C51082453773B00DEB311 /* Products */;
			projectDirPath = "";
			projectReferences = (
				{
					ProductGroup = 3E375EB624643F3400C65C51 /* Products */;
					ProjectRef = CFC4D96E246428B20067494A /* Charts.xcodeproj */;
				},
				{
					ProductGroup = CFDF7F06245EB0B500E34546 /* Products */;
					ProjectRef = CFDF7F05245EB0B500E34546 /* SQLite.xcodeproj */;
				},
			);
			projectRoot = "";
			targets = (
				3E7C51062453773B00DEB311 /* progettoBD */,
				3E7C511F2453773F00DEB311 /* progettoBDTests */,
				3E7C512A2453773F00DEB311 /* progettoBDUITests */,
			);
		};
/* End PBXProject section */

/* Begin PBXReferenceProxy section */
		3E375EBB24643F3400C65C51 /* Charts.framework */ = {
			isa = PBXReferenceProxy;
			fileType = wrapper.framework;
			path = Charts.framework;
			remoteRef = 3E375EBA24643F3400C65C51 /* PBXContainerItemProxy */;
			sourceTree = BUILT_PRODUCTS_DIR;
		};
		3E375EBD24643F3400C65C51 /* ChartsTests.xctest */ = {
			isa = PBXReferenceProxy;
			fileType = wrapper.cfbundle;
			path = ChartsTests.xctest;
			remoteRef = 3E375EBC24643F3400C65C51 /* PBXContainerItemProxy */;
			sourceTree = BUILT_PRODUCTS_DIR;
		};
		CFDF7F10245EB0B500E34546 /* SQLite.framework */ = {
			isa = PBXReferenceProxy;
			fileType = wrapper.framework;
			path = SQLite.framework;
			remoteRef = CFDF7F0F245EB0B500E34546 /* PBXContainerItemProxy */;
			sourceTree = BUILT_PRODUCTS_DIR;
		};
		CFDF7F12245EB0B500E34546 /* SQLiteTests iOS.xctest */ = {
			isa = PBXReferenceProxy;
			fileType = wrapper.cfbundle;
			path = "SQLiteTests iOS.xctest";
			remoteRef = CFDF7F11245EB0B500E34546 /* PBXContainerItemProxy */;
			sourceTree = BUILT_PRODUCTS_DIR;
		};
		CFDF7F14245EB0B500E34546 /* SQLite.framework */ = {
			isa = PBXReferenceProxy;
			fileType = wrapper.framework;
			path = SQLite.framework;
			remoteRef = CFDF7F13245EB0B500E34546 /* PBXContainerItemProxy */;
			sourceTree = BUILT_PRODUCTS_DIR;
		};
		CFDF7F16245EB0B500E34546 /* SQLiteTests Mac.xctest */ = {
			isa = PBXReferenceProxy;
			fileType = wrapper.cfbundle;
			path = "SQLiteTests Mac.xctest";
			remoteRef = CFDF7F15245EB0B500E34546 /* PBXContainerItemProxy */;
			sourceTree = BUILT_PRODUCTS_DIR;
		};
		CFDF7F18245EB0B500E34546 /* SQLite.framework */ = {
			isa = PBXReferenceProxy;
			fileType = wrapper.framework;
			path = SQLite.framework;
			remoteRef = CFDF7F17245EB0B500E34546 /* PBXContainerItemProxy */;
			sourceTree = BUILT_PRODUCTS_DIR;
		};
		CFDF7F1A245EB0B500E34546 /* SQLiteTests tvOS.xctest */ = {
			isa = PBXReferenceProxy;
			fileType = wrapper.cfbundle;
			path = "SQLiteTests tvOS.xctest";
			remoteRef = CFDF7F19245EB0B500E34546 /* PBXContainerItemProxy */;
			sourceTree = BUILT_PRODUCTS_DIR;
		};
		CFDF7F1C245EB0B500E34546 /* SQLite.framework */ = {
			isa = PBXReferenceProxy;
			fileType = wrapper.framework;
			path = SQLite.framework;
			remoteRef = CFDF7F1B245EB0B500E34546 /* PBXContainerItemProxy */;
			sourceTree = BUILT_PRODUCTS_DIR;
		};
/* End PBXReferenceProxy section */

/* Begin PBXResourcesBuildPhase section */
		3E7C51052453773B00DEB311 /* Resources */ = {
			isa = PBXResourcesBuildPhase;
			buildActionMask = 2147483647;
			files = (
				3E7C511A2453773E00DEB311 /* LaunchScreen.storyboard in Resources */,
				CFC4D94E2461ADDE0067494A /* data.sqlite in Resources */,
				3E7C51172453773E00DEB311 /* Assets.xcassets in Resources */,
				CF96C2DB24616C4B004491C0 /* Main.storyboard in Resources */,
			);
			runOnlyForDeploymentPostprocessing = 0;
		};
		3E7C511E2453773F00DEB311 /* Resources */ = {
			isa = PBXResourcesBuildPhase;
			buildActionMask = 2147483647;
			files = (
			);
			runOnlyForDeploymentPostprocessing = 0;
		};
		3E7C51292453773F00DEB311 /* Resources */ = {
			isa = PBXResourcesBuildPhase;
			buildActionMask = 2147483647;
			files = (
			);
			runOnlyForDeploymentPostprocessing = 0;
		};
/* End PBXResourcesBuildPhase section */

/* Begin PBXSourcesBuildPhase section */
		3E7C51032453773B00DEB311 /* Sources */ = {
			isa = PBXSourcesBuildPhase;
			buildActionMask = 2147483647;
			files = (
				CFDF7F2E245EB8BA00E34546 /* StructAndExtension.swift in Sources */,
				CFDF7F22245EB7F900E34546 /* ColorID.swift in Sources */,
				CF96C2CE24616B05004491C0 /* InfoRegioniProvinceViewController.swift in Sources */,
				CFBFADC22465AAAD0020526F /* ShowDatiProvinciaViewController.swift in Sources */,
				CF96C2CF24616B05004491C0 /* AggiungiDatiViewController.swift in Sources */,
				3E7C510B2453773B00DEB311 /* AppDelegate.swift in Sources */,
				CFBFADB7246588680020526F /* GraficiViewController.swift in Sources */,
				CF96C2CD24616B05004491C0 /* HomeViewController.swift in Sources */,
				CFC4D9502462C2AD0067494A /* RegioniPiúColpiteTableViewCell.swift in Sources */,
				3E7C510D2453773B00DEB311 /* SceneDelegate.swift in Sources */,
				CF40AC5B245B10EF0073A158 /* DBController.swift in Sources */,
				CF96C2CC24616B05004491C0 /* DatiAppenaAggiuntiViewController.swift in Sources */,
				CFC4D955246411360067494A /* DettagliRegioneProviciaViewController.swift in Sources */,
			);
			runOnlyForDeploymentPostprocessing = 0;
		};
		3E7C511C2453773F00DEB311 /* Sources */ = {
			isa = PBXSourcesBuildPhase;
			buildActionMask = 2147483647;
			files = (
				3E7C51252453773F00DEB311 /* progettoBDTests.swift in Sources */,
			);
			runOnlyForDeploymentPostprocessing = 0;
		};
		3E7C51272453773F00DEB311 /* Sources */ = {
			isa = PBXSourcesBuildPhase;
			buildActionMask = 2147483647;
			files = (
				3E7C51302453773F00DEB311 /* progettoBDUITests.swift in Sources */,
			);
			runOnlyForDeploymentPostprocessing = 0;
		};
/* End PBXSourcesBuildPhase section */

/* Begin PBXTargetDependency section */
		3E7C51222453773F00DEB311 /* PBXTargetDependency */ = {
			isa = PBXTargetDependency;
			target = 3E7C51062453773B00DEB311 /* progettoBD */;
			targetProxy = 3E7C51212453773F00DEB311 /* PBXContainerItemProxy */;
		};
		3E7C512D2453773F00DEB311 /* PBXTargetDependency */ = {
			isa = PBXTargetDependency;
			target = 3E7C51062453773B00DEB311 /* progettoBD */;
			targetProxy = 3E7C512C2453773F00DEB311 /* PBXContainerItemProxy */;
		};
/* End PBXTargetDependency section */

/* Begin PBXVariantGroup section */
		3E7C51182453773E00DEB311 /* LaunchScreen.storyboard */ = {
			isa = PBXVariantGroup;
			children = (
				3E7C51192453773E00DEB311 /* Base */,
			);
			name = LaunchScreen.storyboard;
			sourceTree = "<group>";
		};
/* End PBXVariantGroup section */

/* Begin XCBuildConfiguration section */
		3E7C51322453773F00DEB311 /* Debug */ = {
			isa = XCBuildConfiguration;
			buildSettings = {
				ALWAYS_SEARCH_USER_PATHS = NO;
				CLANG_ANALYZER_NONNULL = YES;
				CLANG_ANALYZER_NUMBER_OBJECT_CONVERSION = YES_AGGRESSIVE;
				CLANG_CXX_LANGUAGE_STANDARD = "gnu++14";
				CLANG_CXX_LIBRARY = "libc++";
				CLANG_ENABLE_MODULES = YES;
				CLANG_ENABLE_OBJC_ARC = YES;
				CLANG_ENABLE_OBJC_WEAK = YES;
				CLANG_WARN_BLOCK_CAPTURE_AUTORELEASING = YES;
				CLANG_WARN_BOOL_CONVERSION = YES;
				CLANG_WARN_COMMA = YES;
				CLANG_WARN_CONSTANT_CONVERSION = YES;
				CLANG_WARN_DEPRECATED_OBJC_IMPLEMENTATIONS = YES;
				CLANG_WARN_DIRECT_OBJC_ISA_USAGE = YES_ERROR;
				CLANG_WARN_DOCUMENTATION_COMMENTS = YES;
				CLANG_WARN_EMPTY_BODY = YES;
				CLANG_WARN_ENUM_CONVERSION = YES;
				CLANG_WARN_INFINITE_RECURSION = YES;
				CLANG_WARN_INT_CONVERSION = YES;
				CLANG_WARN_NON_LITERAL_NULL_CONVERSION = YES;
				CLANG_WARN_OBJC_IMPLICIT_RETAIN_SELF = YES;
				CLANG_WARN_OBJC_LITERAL_CONVERSION = YES;
				CLANG_WARN_OBJC_ROOT_CLASS = YES_ERROR;
				CLANG_WARN_RANGE_LOOP_ANALYSIS = YES;
				CLANG_WARN_STRICT_PROTOTYPES = YES;
				CLANG_WARN_SUSPICIOUS_MOVE = YES;
				CLANG_WARN_UNGUARDED_AVAILABILITY = YES_AGGRESSIVE;
				CLANG_WARN_UNREACHABLE_CODE = YES;
				CLANG_WARN__DUPLICATE_METHOD_MATCH = YES;
				COPY_PHASE_STRIP = NO;
				DEBUG_INFORMATION_FORMAT = dwarf;
				ENABLE_STRICT_OBJC_MSGSEND = YES;
				ENABLE_TESTABILITY = YES;
				GCC_C_LANGUAGE_STANDARD = gnu11;
				GCC_DYNAMIC_NO_PIC = NO;
				GCC_NO_COMMON_BLOCKS = YES;
				GCC_OPTIMIZATION_LEVEL = 0;
				GCC_PREPROCESSOR_DEFINITIONS = (
					"DEBUG=1",
					"$(inherited)",
				);
				GCC_WARN_64_TO_32_BIT_CONVERSION = YES;
				GCC_WARN_ABOUT_RETURN_TYPE = YES_ERROR;
				GCC_WARN_UNDECLARED_SELECTOR = YES;
				GCC_WARN_UNINITIALIZED_AUTOS = YES_AGGRESSIVE;
				GCC_WARN_UNUSED_FUNCTION = YES;
				GCC_WARN_UNUSED_VARIABLE = YES;
				IPHONEOS_DEPLOYMENT_TARGET = 13.2;
				MTL_ENABLE_DEBUG_INFO = INCLUDE_SOURCE;
				MTL_FAST_MATH = YES;
				ONLY_ACTIVE_ARCH = YES;
				SDKROOT = iphoneos;
				SWIFT_ACTIVE_COMPILATION_CONDITIONS = DEBUG;
				SWIFT_OPTIMIZATION_LEVEL = "-Onone";
			};
			name = Debug;
		};
		3E7C51332453773F00DEB311 /* Release */ = {
			isa = XCBuildConfiguration;
			buildSettings = {
				ALWAYS_SEARCH_USER_PATHS = NO;
				CLANG_ANALYZER_NONNULL = YES;
				CLANG_ANALYZER_NUMBER_OBJECT_CONVERSION = YES_AGGRESSIVE;
				CLANG_CXX_LANGUAGE_STANDARD = "gnu++14";
				CLANG_CXX_LIBRARY = "libc++";
				CLANG_ENABLE_MODULES = YES;
				CLANG_ENABLE_OBJC_ARC = YES;
				CLANG_ENABLE_OBJC_WEAK = YES;
				CLANG_WARN_BLOCK_CAPTURE_AUTORELEASING = YES;
				CLANG_WARN_BOOL_CONVERSION = YES;
				CLANG_WARN_COMMA = YES;
				CLANG_WARN_CONSTANT_CONVERSION = YES;
				CLANG_WARN_DEPRECATED_OBJC_IMPLEMENTATIONS = YES;
				CLANG_WARN_DIRECT_OBJC_ISA_USAGE = YES_ERROR;
				CLANG_WARN_DOCUMENTATION_COMMENTS = YES;
				CLANG_WARN_EMPTY_BODY = YES;
				CLANG_WARN_ENUM_CONVERSION = YES;
				CLANG_WARN_INFINITE_RECURSION = YES;
				CLANG_WARN_INT_CONVERSION = YES;
				CLANG_WARN_NON_LITERAL_NULL_CONVERSION = YES;
				CLANG_WARN_OBJC_IMPLICIT_RETAIN_SELF = YES;
				CLANG_WARN_OBJC_LITERAL_CONVERSION = YES;
				CLANG_WARN_OBJC_ROOT_CLASS = YES_ERROR;
				CLANG_WARN_RANGE_LOOP_ANALYSIS = YES;
				CLANG_WARN_STRICT_PROTOTYPES = YES;
				CLANG_WARN_SUSPICIOUS_MOVE = YES;
				CLANG_WARN_UNGUARDED_AVAILABILITY = YES_AGGRESSIVE;
				CLANG_WARN_UNREACHABLE_CODE = YES;
				CLANG_WARN__DUPLICATE_METHOD_MATCH = YES;
				COPY_PHASE_STRIP = NO;
				DEBUG_INFORMATION_FORMAT = "dwarf-with-dsym";
				ENABLE_NS_ASSERTIONS = NO;
				ENABLE_STRICT_OBJC_MSGSEND = YES;
				GCC_C_LANGUAGE_STANDARD = gnu11;
				GCC_NO_COMMON_BLOCKS = YES;
				GCC_WARN_64_TO_32_BIT_CONVERSION = YES;
				GCC_WARN_ABOUT_RETURN_TYPE = YES_ERROR;
				GCC_WARN_UNDECLARED_SELECTOR = YES;
				GCC_WARN_UNINITIALIZED_AUTOS = YES_AGGRESSIVE;
				GCC_WARN_UNUSED_FUNCTION = YES;
				GCC_WARN_UNUSED_VARIABLE = YES;
				IPHONEOS_DEPLOYMENT_TARGET = 13.2;
				MTL_ENABLE_DEBUG_INFO = NO;
				MTL_FAST_MATH = YES;
				SDKROOT = iphoneos;
				SWIFT_COMPILATION_MODE = wholemodule;
				SWIFT_OPTIMIZATION_LEVEL = "-O";
				VALIDATE_PRODUCT = YES;
			};
			name = Release;
		};
		3E7C51352453773F00DEB311 /* Debug */ = {
			isa = XCBuildConfiguration;
			buildSettings = {
				ASSETCATALOG_COMPILER_APPICON_NAME = AppIcon;
				CODE_SIGN_STYLE = Automatic;
				DEVELOPMENT_TEAM = PMV6XJ5354;
				INFOPLIST_FILE = progettoBD/Info.plist;
				LD_RUNPATH_SEARCH_PATHS = (
					"$(inherited)",
					"@executable_path/Frameworks",
				);
				PRODUCT_BUNDLE_IDENTIFIER = SalvatoreGiugliano.progettoBD;
				PRODUCT_NAME = "$(TARGET_NAME)";
				SWIFT_VERSION = 5.0;
				TARGETED_DEVICE_FAMILY = 1;
			};
			name = Debug;
		};
		3E7C51362453773F00DEB311 /* Release */ = {
			isa = XCBuildConfiguration;
			buildSettings = {
				ASSETCATALOG_COMPILER_APPICON_NAME = AppIcon;
				CODE_SIGN_STYLE = Automatic;
				DEVELOPMENT_TEAM = PMV6XJ5354;
				INFOPLIST_FILE = progettoBD/Info.plist;
				LD_RUNPATH_SEARCH_PATHS = (
					"$(inherited)",
					"@executable_path/Frameworks",
				);
				PRODUCT_BUNDLE_IDENTIFIER = SalvatoreGiugliano.progettoBD;
				PRODUCT_NAME = "$(TARGET_NAME)";
				SWIFT_VERSION = 5.0;
				TARGETED_DEVICE_FAMILY = 1;
			};
			name = Release;
		};
		3E7C51382453773F00DEB311 /* Debug */ = {
			isa = XCBuildConfiguration;
			buildSettings = {
				ALWAYS_EMBED_SWIFT_STANDARD_LIBRARIES = YES;
				BUNDLE_LOADER = "$(TEST_HOST)";
				CODE_SIGN_STYLE = Automatic;
				DEVELOPMENT_TEAM = SVU6KRA4Z5;
				INFOPLIST_FILE = progettoBDTests/Info.plist;
				IPHONEOS_DEPLOYMENT_TARGET = 13.2;
				LD_RUNPATH_SEARCH_PATHS = (
					"$(inherited)",
					"@executable_path/Frameworks",
					"@loader_path/Frameworks",
				);
				PRODUCT_BUNDLE_IDENTIFIER = ok.progettoBDTests;
				PRODUCT_NAME = "$(TARGET_NAME)";
				SWIFT_VERSION = 5.0;
				TARGETED_DEVICE_FAMILY = "1,2";
				TEST_HOST = "$(BUILT_PRODUCTS_DIR)/progettoBD.app/progettoBD";
			};
			name = Debug;
		};
		3E7C51392453773F00DEB311 /* Release */ = {
			isa = XCBuildConfiguration;
			buildSettings = {
				ALWAYS_EMBED_SWIFT_STANDARD_LIBRARIES = YES;
				BUNDLE_LOADER = "$(TEST_HOST)";
				CODE_SIGN_STYLE = Automatic;
				DEVELOPMENT_TEAM = SVU6KRA4Z5;
				INFOPLIST_FILE = progettoBDTests/Info.plist;
				IPHONEOS_DEPLOYMENT_TARGET = 13.2;
				LD_RUNPATH_SEARCH_PATHS = (
					"$(inherited)",
					"@executable_path/Frameworks",
					"@loader_path/Frameworks",
				);
				PRODUCT_BUNDLE_IDENTIFIER = ok.progettoBDTests;
				PRODUCT_NAME = "$(TARGET_NAME)";
				SWIFT_VERSION = 5.0;
				TARGETED_DEVICE_FAMILY = "1,2";
				TEST_HOST = "$(BUILT_PRODUCTS_DIR)/progettoBD.app/progettoBD";
			};
			name = Release;
		};
		3E7C513B2453773F00DEB311 /* Debug */ = {
			isa = XCBuildConfiguration;
			buildSettings = {
				ALWAYS_EMBED_SWIFT_STANDARD_LIBRARIES = YES;
				CODE_SIGN_STYLE = Automatic;
				DEVELOPMENT_TEAM = SVU6KRA4Z5;
				INFOPLIST_FILE = progettoBDUITests/Info.plist;
				LD_RUNPATH_SEARCH_PATHS = (
					"$(inherited)",
					"@executable_path/Frameworks",
					"@loader_path/Frameworks",
				);
				PRODUCT_BUNDLE_IDENTIFIER = ok.progettoBDUITests;
				PRODUCT_NAME = "$(TARGET_NAME)";
				SWIFT_VERSION = 5.0;
				TARGETED_DEVICE_FAMILY = "1,2";
				TEST_TARGET_NAME = progettoBD;
			};
			name = Debug;
		};
		3E7C513C2453773F00DEB311 /* Release */ = {
			isa = XCBuildConfiguration;
			buildSettings = {
				ALWAYS_EMBED_SWIFT_STANDARD_LIBRARIES = YES;
				CODE_SIGN_STYLE = Automatic;
				DEVELOPMENT_TEAM = SVU6KRA4Z5;
				INFOPLIST_FILE = progettoBDUITests/Info.plist;
				LD_RUNPATH_SEARCH_PATHS = (
					"$(inherited)",
					"@executable_path/Frameworks",
					"@loader_path/Frameworks",
				);
				PRODUCT_BUNDLE_IDENTIFIER = ok.progettoBDUITests;
				PRODUCT_NAME = "$(TARGET_NAME)";
				SWIFT_VERSION = 5.0;
				TARGETED_DEVICE_FAMILY = "1,2";
				TEST_TARGET_NAME = progettoBD;
			};
			name = Release;
		};
/* End XCBuildConfiguration section */

/* Begin XCConfigurationList section */
		3E7C51022453773B00DEB311 /* Build configuration list for PBXProject "progettoBD" */ = {
			isa = XCConfigurationList;
			buildConfigurations = (
				3E7C51322453773F00DEB311 /* Debug */,
				3E7C51332453773F00DEB311 /* Release */,
			);
			defaultConfigurationIsVisible = 0;
			defaultConfigurationName = Release;
		};
		3E7C51342453773F00DEB311 /* Build configuration list for PBXNativeTarget "progettoBD" */ = {
			isa = XCConfigurationList;
			buildConfigurations = (
				3E7C51352453773F00DEB311 /* Debug */,
				3E7C51362453773F00DEB311 /* Release */,
			);
			defaultConfigurationIsVisible = 0;
			defaultConfigurationName = Release;
		};
		3E7C51372453773F00DEB311 /* Build configuration list for PBXNativeTarget "progettoBDTests" */ = {
			isa = XCConfigurationList;
			buildConfigurations = (
				3E7C51382453773F00DEB311 /* Debug */,
				3E7C51392453773F00DEB311 /* Release */,
			);
			defaultConfigurationIsVisible = 0;
			defaultConfigurationName = Release;
		};
		3E7C513A2453773F00DEB311 /* Build configuration list for PBXNativeTarget "progettoBDUITests" */ = {
			isa = XCConfigurationList;
			buildConfigurations = (
				3E7C513B2453773F00DEB311 /* Debug */,
				3E7C513C2453773F00DEB311 /* Release */,
			);
			defaultConfigurationIsVisible = 0;
			defaultConfigurationName = Release;
		};
/* End XCConfigurationList section */
	};
	rootObject = 3E7C50FF2453773B00DEB311 /* Project object */;
}
